
Microsoft Visual Studio Solution File, Format Version 12.00
# Visual Studio Version 17
VisualStudioVersion = 17.4.33213.308
MinimumVisualStudioVersion = 10.0.40219.1
Project("{FAE04EC0-301F-11D3-BF4B-00C04F79EFBC}") = "handsfree", "handsfree\handsfree.csproj", "{8C7FDC14-E5CF-4498-BC10-36AA3A0493D1}"
EndProject
Global
	GlobalSection(SolutionConfigurationPlatforms) = preSolution
		Debug|Any CPU = Debug|Any CPU
		Release|Any CPU = Release|Any CPU
	EndGlobalSection
	GlobalSection(ProjectConfigurationPlatforms) = postSolution
		{8C7FDC14-E5CF-4498-BC10-36AA3A0493D1}.Debug|Any CPU.ActiveCfg = Debug|Any CPU
		{8C7FDC14-E5CF-4498-BC10-36AA3A0493D1}.Debug|Any CPU.Build.0 = Debug|Any CPU
		{8C7FDC14-E5CF-4498-BC10-36AA3A0493D1}.Release|Any CPU.ActiveCfg = Release|Any CPU
		{8C7FDC14-E5CF-4498-BC10-36AA3A0493D1}.Release|Any CPU.Build.0 = Release|Any CPU
	EndGlobalSection
	GlobalSection(SolutionProperties) = preSolution
		HideSolutionNode = FALSE
	EndGlobalSection
	GlobalSection(ExtensibilityGlobals) = postSolution
		SolutionGuid = {1F55C83B-0E7E-4CFF-9807-62F7A2EF8B0B}
	EndGlobalSection
EndGlobal
